
Microsoft Visual Studio Solution File, Format Version 12.00
# Visual Studio 2012
Project("{FAE04EC0-301F-11D3-BF4B-00C04F79EFBC}") = "Test", "Test\Test.csproj", "{CA0E2491-684E-436B-90B4-A75A5E321B50}"
EndProject
Project("{FAE04EC0-301F-11D3-BF4B-00C04F79EFBC}") = "Test.DataAccess", "Test.DataAccess\Test.DataAccess.csproj", "{55151345-48DF-4AEE-A3BF-6B92E72700BB}"
EndProject
Project("{FAE04EC0-301F-11D3-BF4B-00C04F79EFBC}") = "Test.SmgConnect", "Test.SmgConnect\Test.SmgConnect.csproj", "{285EFBE8-008A-4CBF-BFAB-911D5773161C}"
EndProject
Global
	GlobalSection(SolutionConfigurationPlatforms) = preSolution
		Debug|Any CPU = Debug|Any CPU
		Release|Any CPU = Release|Any CPU
	EndGlobalSection
	GlobalSection(ProjectConfigurationPlatforms) = postSolution
		{CA0E2491-684E-436B-90B4-A75A5E321B50}.Debug|Any CPU.ActiveCfg = Debug|Any CPU
		{CA0E2491-684E-436B-90B4-A75A5E321B50}.Debug|Any CPU.Build.0 = Debug|Any CPU
		{CA0E2491-684E-436B-90B4-A75A5E321B50}.Release|Any CPU.ActiveCfg = Release|Any CPU
		{CA0E2491-684E-436B-90B4-A75A5E321B50}.Release|Any CPU.Build.0 = Release|Any CPU
		{55151345-48DF-4AEE-A3BF-6B92E72700BB}.Debug|Any CPU.ActiveCfg = Debug|Any CPU
		{55151345-48DF-4AEE-A3BF-6B92E72700BB}.Debug|Any CPU.Build.0 = Debug|Any CPU
		{55151345-48DF-4AEE-A3BF-6B92E72700BB}.Release|Any CPU.ActiveCfg = Release|Any CPU
		{55151345-48DF-4AEE-A3BF-6B92E72700BB}.Release|Any CPU.Build.0 = Release|Any CPU
		{285EFBE8-008A-4CBF-BFAB-911D5773161C}.Debug|Any CPU.ActiveCfg = Debug|Any CPU
		{285EFBE8-008A-4CBF-BFAB-911D5773161C}.Debug|Any CPU.Build.0 = Debug|Any CPU
		{285EFBE8-008A-4CBF-BFAB-911D5773161C}.Release|Any CPU.ActiveCfg = Release|Any CPU
		{285EFBE8-008A-4CBF-BFAB-911D5773161C}.Release|Any CPU.Build.0 = Release|Any CPU
	EndGlobalSection
	GlobalSection(SolutionProperties) = preSolution
		HideSolutionNode = FALSE
	EndGlobalSection
EndGlobal
